
Microsoft Visual Studio Solution File, Format Version 12.00
# Visual Studio Version 16
VisualStudioVersion = 16.0.31321.278
MinimumVisualStudioVersion = 10.0.40219.1
Project("{9A19103F-16F7-4668-BE54-9A1E7A4F7556}") = "DoAn_CuaHangLaptop", "DoAn_CuaHangLaptop\DoAn_CuaHangLaptop.csproj", "{01171543-672A-4E33-932D-067CD4FC0FE7}"
EndProject
Global
	GlobalSection(SolutionConfigurationPlatforms) = preSolution
		Debug|Any CPU = Debug|Any CPU
		Release|Any CPU = Release|Any CPU
	EndGlobalSection
	GlobalSection(ProjectConfigurationPlatforms) = postSolution
		{01171543-672A-4E33-932D-067CD4FC0FE7}.Debug|Any CPU.ActiveCfg = Debug|Any CPU
		{01171543-672A-4E33-932D-067CD4FC0FE7}.Debug|Any CPU.Build.0 = Debug|Any CPU
		{01171543-672A-4E33-932D-067CD4FC0FE7}.Release|Any CPU.ActiveCfg = Release|Any CPU
		{01171543-672A-4E33-932D-067CD4FC0FE7}.Release|Any CPU.Build.0 = Release|Any CPU
	EndGlobalSection
	GlobalSection(SolutionProperties) = preSolution
		HideSolutionNode = FALSE
	EndGlobalSection
	GlobalSection(ExtensibilityGlobals) = postSolution
		SolutionGuid = {E65EFFE8-7D75-4C3D-BCDD-CED8BF7B8F3F}
	EndGlobalSection
EndGlobal
